
Microsoft Visual Studio Solution File, Format Version 12.00
# Visual Studio 15
VisualStudioVersion = 15.0.25807.0
MinimumVisualStudioVersion = 10.0.40219.1
Project("{2150E333-8FDC-42A3-9474-1A3956D46DE8}") = "Engine", "Engine", "{E5FCAA3C-204F-48C5-9F42-5E7CCE1D9DEE}"
EndProject
Project("{2150E333-8FDC-42A3-9474-1A3956D46DE8}") = "Games", "Games", "{AC0BA991-776B-4D34-82A3-AE0521626515}"
EndProject
Project("{8BC9CEB8-8B4A-11D0-8D11-00A0C91BC942}") = "UE4", "Intermediate\ProjectFiles\UE4.vcxproj", "{B21E25E9-0A8F-4AFD-8EC5-2A2F41632ECD}"
EndProject
Project("{8BC9CEB8-8B4A-11D0-8D11-00A0C91BC942}") = "buildingescape", "Intermediate\ProjectFiles\buildingescape.vcxproj", "{4B57CA4F-32E2-4A03-8952-3930A82F29AA}"
EndProject
Global
	GlobalSection(SolutionConfigurationPlatforms) = preSolution
		DebugGame Editor|HTML5 = DebugGame Editor|HTML5
		DebugGame Editor|Win32 = DebugGame Editor|Win32
		DebugGame Editor|Win64 = DebugGame Editor|Win64
		DebugGame|HTML5 = DebugGame|HTML5
		DebugGame|Win32 = DebugGame|Win32
		DebugGame|Win64 = DebugGame|Win64
		Development Editor|HTML5 = Development Editor|HTML5
		Development Editor|Win32 = Development Editor|Win32
		Development Editor|Win64 = Development Editor|Win64
		Development|HTML5 = Development|HTML5
		Development|Win32 = Development|Win32
		Development|Win64 = Development|Win64
		Shipping|HTML5 = Shipping|HTML5
		Shipping|Win32 = Shipping|Win32
		Shipping|Win64 = Shipping|Win64
	EndGlobalSection
	GlobalSection(ProjectConfigurationPlatforms) = postSolution
		{B21E25E9-0A8F-4AFD-8EC5-2A2F41632ECD}.DebugGame Editor|HTML5.ActiveCfg = BuiltWithUnrealBuildTool|Win32
		{B21E25E9-0A8F-4AFD-8EC5-2A2F41632ECD}.DebugGame Editor|HTML5.Build.0 = BuiltWithUnrealBuildTool|Win32
		{B21E25E9-0A8F-4AFD-8EC5-2A2F41632ECD}.DebugGame Editor|Win32.ActiveCfg = BuiltWithUnrealBuildTool|Win32
		{B21E25E9-0A8F-4AFD-8EC5-2A2F41632ECD}.DebugGame Editor|Win32.Build.0 = BuiltWithUnrealBuildTool|Win32
		{B21E25E9-0A8F-4AFD-8EC5-2A2F41632ECD}.DebugGame Editor|Win64.ActiveCfg = BuiltWithUnrealBuildTool|Win32
		{B21E25E9-0A8F-4AFD-8EC5-2A2F41632ECD}.DebugGame Editor|Win64.Build.0 = BuiltWithUnrealBuildTool|Win32
		{B21E25E9-0A8F-4AFD-8EC5-2A2F41632ECD}.DebugGame|HTML5.ActiveCfg = BuiltWithUnrealBuildTool|Win32
		{B21E25E9-0A8F-4AFD-8EC5-2A2F41632ECD}.DebugGame|HTML5.Build.0 = BuiltWithUnrealBuildTool|Win32
		{B21E25E9-0A8F-4AFD-8EC5-2A2F41632ECD}.DebugGame|Win32.ActiveCfg = BuiltWithUnrealBuildTool|Win32
		{B21E25E9-0A8F-4AFD-8EC5-2A2F41632ECD}.DebugGame|Win32.Build.0 = BuiltWithUnrealBuildTool|Win32
		{B21E25E9-0A8F-4AFD-8EC5-2A2F41632ECD}.DebugGame|Win64.ActiveCfg = BuiltWithUnrealBuildTool|Win32
		{B21E25E9-0A8F-4AFD-8EC5-2A2F41632ECD}.DebugGame|Win64.Build.0 = BuiltWithUnrealBuildTool|Win32
		{B21E25E9-0A8F-4AFD-8EC5-2A2F41632ECD}.Development Editor|HTML5.ActiveCfg = BuiltWithUnrealBuildTool|Win32
		{B21E25E9-0A8F-4AFD-8EC5-2A2F41632ECD}.Development Editor|HTML5.Build.0 = BuiltWithUnrealBuildTool|Win32
		{B21E25E9-0A8F-4AFD-8EC5-2A2F41632ECD}.Development Editor|Win32.ActiveCfg = BuiltWithUnrealBuildTool|Win32
		{B21E25E9-0A8F-4AFD-8EC5-2A2F41632ECD}.Development Editor|Win32.Build.0 = BuiltWithUnrealBuildTool|Win32
		{B21E25E9-0A8F-4AFD-8EC5-2A2F41632ECD}.Development Editor|Win64.ActiveCfg = BuiltWithUnrealBuildTool|Win32
		{B21E25E9-0A8F-4AFD-8EC5-2A2F41632ECD}.Development Editor|Win64.Build.0 = BuiltWithUnrealBuildTool|Win32
		{B21E25E9-0A8F-4AFD-8EC5-2A2F41632ECD}.Development|HTML5.ActiveCfg = BuiltWithUnrealBuildTool|Win32
		{B21E25E9-0A8F-4AFD-8EC5-2A2F41632ECD}.Development|HTML5.Build.0 = BuiltWithUnrealBuildTool|Win32
		{B21E25E9-0A8F-4AFD-8EC5-2A2F41632ECD}.Development|Win32.ActiveCfg = BuiltWithUnrealBuildTool|Win32
		{B21E25E9-0A8F-4AFD-8EC5-2A2F41632ECD}.Development|Win32.Build.0 = BuiltWithUnrealBuildTool|Win32
		{B21E25E9-0A8F-4AFD-8EC5-2A2F41632ECD}.Development|Win64.ActiveCfg = BuiltWithUnrealBuildTool|Win32
		{B21E25E9-0A8F-4AFD-8EC5-2A2F41632ECD}.Development|Win64.Build.0 = BuiltWithUnrealBuildTool|Win32
		{B21E25E9-0A8F-4AFD-8EC5-2A2F41632ECD}.Shipping|HTML5.ActiveCfg = BuiltWithUnrealBuildTool|Win32
		{B21E25E9-0A8F-4AFD-8EC5-2A2F41632ECD}.Shipping|HTML5.Build.0 = BuiltWithUnrealBuildTool|Win32
		{B21E25E9-0A8F-4AFD-8EC5-2A2F41632ECD}.Shipping|Win32.ActiveCfg = BuiltWithUnrealBuildTool|Win32
		{B21E25E9-0A8F-4AFD-8EC5-2A2F41632ECD}.Shipping|Win32.Build.0 = BuiltWithUnrealBuildTool|Win32
		{B21E25E9-0A8F-4AFD-8EC5-2A2F41632ECD}.Shipping|Win64.ActiveCfg = BuiltWithUnrealBuildTool|Win32
		{B21E25E9-0A8F-4AFD-8EC5-2A2F41632ECD}.Shipping|Win64.Build.0 = BuiltWithUnrealBuildTool|Win32
		{4B57CA4F-32E2-4A03-8952-3930A82F29AA}.DebugGame Editor|HTML5.ActiveCfg = HTML5_DebugGame_Editor|Win32
		{4B57CA4F-32E2-4A03-8952-3930A82F29AA}.DebugGame Editor|Win32.ActiveCfg = DebugGame_Editor|Win32
		{4B57CA4F-32E2-4A03-8952-3930A82F29AA}.DebugGame Editor|Win64.ActiveCfg = DebugGame_Editor|x64
		{4B57CA4F-32E2-4A03-8952-3930A82F29AA}.DebugGame Editor|Win64.Build.0 = DebugGame_Editor|x64
		{4B57CA4F-32E2-4A03-8952-3930A82F29AA}.DebugGame|HTML5.ActiveCfg = HTML5_DebugGame_Game|Win32
		{4B57CA4F-32E2-4A03-8952-3930A82F29AA}.DebugGame|HTML5.Build.0 = HTML5_DebugGame_Game|Win32
		{4B57CA4F-32E2-4A03-8952-3930A82F29AA}.DebugGame|Win32.ActiveCfg = DebugGame_Game|Win32
		{4B57CA4F-32E2-4A03-8952-3930A82F29AA}.DebugGame|Win32.Build.0 = DebugGame_Game|Win32
		{4B57CA4F-32E2-4A03-8952-3930A82F29AA}.DebugGame|Win64.ActiveCfg = DebugGame_Game|x64
		{4B57CA4F-32E2-4A03-8952-3930A82F29AA}.DebugGame|Win64.Build.0 = DebugGame_Game|x64
		{4B57CA4F-32E2-4A03-8952-3930A82F29AA}.Development Editor|HTML5.ActiveCfg = HTML5_Development_Editor|Win32
		{4B57CA4F-32E2-4A03-8952-3930A82F29AA}.Development Editor|Win32.ActiveCfg = Development_Editor|Win32
		{4B57CA4F-32E2-4A03-8952-3930A82F29AA}.Development Editor|Win64.ActiveCfg = Development_Editor|x64
		{4B57CA4F-32E2-4A03-8952-3930A82F29AA}.Development Editor|Win64.Build.0 = Development_Editor|x64
		{4B57CA4F-32E2-4A03-8952-3930A82F29AA}.Development|HTML5.ActiveCfg = HTML5_Development_Game|Win32
		{4B57CA4F-32E2-4A03-8952-3930A82F29AA}.Development|HTML5.Build.0 = HTML5_Development_Game|Win32
		{4B57CA4F-32E2-4A03-8952-3930A82F29AA}.Development|Win32.ActiveCfg = Development_Game|Win32
		{4B57CA4F-32E2-4A03-8952-3930A82F29AA}.Development|Win32.Build.0 = Development_Game|Win32
		{4B57CA4F-32E2-4A03-8952-3930A82F29AA}.Development|Win64.ActiveCfg = Development_Game|x64
		{4B57CA4F-32E2-4A03-8952-3930A82F29AA}.Development|Win64.Build.0 = Development_Game|x64
		{4B57CA4F-32E2-4A03-8952-3930A82F29AA}.Shipping|HTML5.ActiveCfg = HTML5_Shipping_Game|Win32
		{4B57CA4F-32E2-4A03-8952-3930A82F29AA}.Shipping|HTML5.Build.0 = HTML5_Shipping_Game|Win32
		{4B57CA4F-32E2-4A03-8952-3930A82F29AA}.Shipping|Win32.ActiveCfg = Shipping_Game|Win32
		{4B57CA4F-32E2-4A03-8952-3930A82F29AA}.Shipping|Win32.Build.0 = Shipping_Game|Win32
		{4B57CA4F-32E2-4A03-8952-3930A82F29AA}.Shipping|Win64.ActiveCfg = Shipping_Game|x64
		{4B57CA4F-32E2-4A03-8952-3930A82F29AA}.Shipping|Win64.Build.0 = Shipping_Game|x64
	EndGlobalSection
	GlobalSection(SolutionProperties) = preSolution
		HideSolutionNode = FALSE
	EndGlobalSection
	GlobalSection(NestedProjects) = preSolution
		{B21E25E9-0A8F-4AFD-8EC5-2A2F41632ECD} = {E5FCAA3C-204F-48C5-9F42-5E7CCE1D9DEE}
		{4B57CA4F-32E2-4A03-8952-3930A82F29AA} = {AC0BA991-776B-4D34-82A3-AE0521626515}
	EndGlobalSection
	GlobalSection(ExtensibilityGlobals) = postSolution
		SolutionGuid = {C6E487C2-ECB6-480F-B92C-CA324119495F}
	EndGlobalSection
EndGlobal
